
Microsoft Visual Studio Solution File, Format Version 12.00
# Visual Studio Version 17
VisualStudioVersion = 17.5.33530.505
MinimumVisualStudioVersion = 10.0.40219.1
Project("{2150E333-8FDC-42A3-9474-1A3956D46DE8}") = "src", "src", "{1F39843B-4058-42FB-9999-527CDA10495C}"
EndProject
Project("{2150E333-8FDC-42A3-9474-1A3956D46DE8}") = "test", "test", "{4EE87465-3322-4AC4-80F3-DEFA42929CF3}"
EndProject
Project("{9A19103F-16F7-4668-BE54-9A1E7A4F7556}") = "IOB.Domain", "src\IOB.Domain\IOB.Domain.csproj", "{C553F26E-F73E-49D8-A0D7-1113A5175E38}"
EndProject
Project("{9A19103F-16F7-4668-BE54-9A1E7A4F7556}") = "IOB.Infra", "src\IOB.Infra\IOB.Infra.csproj", "{43F084B1-9966-4AEC-8BEB-D353F511355D}"
EndProject
Project("{9A19103F-16F7-4668-BE54-9A1E7A4F7556}") = "IOB.Application", "src\IOB.Application\IOB.Application.csproj", "{0F78C51C-9DC3-4944-959F-C646AF881FDD}"
EndProject
Project("{9A19103F-16F7-4668-BE54-9A1E7A4F7556}") = "IOB.Api", "src\IOB.Api\IOB.Api.csproj", "{4CB4AC23-146C-4195-8118-FE3BB2D177FD}"
EndProject
Project("{9A19103F-16F7-4668-BE54-9A1E7A4F7556}") = "IOB.Domain.Test", "test\IOB.Domain.Test\IOB.Domain.Test.csproj", "{76DDB59F-D5E0-4896-BFB8-BCFCF2207A41}"
EndProject
Project("{9A19103F-16F7-4668-BE54-9A1E7A4F7556}") = "IOB.Infra.Test", "test\IOB.Infra.Test\IOB.Infra.Test.csproj", "{F56DEC01-A639-49EA-B107-58EC1D9A81E6}"
EndProject
Project("{FAE04EC0-301F-11D3-BF4B-00C04F79EFBC}") = "IOB.Correios", "src\IOB.Correios\IOB.Correios.csproj", "{71CD9210-032F-4AC0-89CF-136C46FF7E13}"
EndProject
Global
	GlobalSection(SolutionConfigurationPlatforms) = preSolution
		Debug|Any CPU = Debug|Any CPU
		Release|Any CPU = Release|Any CPU
	EndGlobalSection
	GlobalSection(ProjectConfigurationPlatforms) = postSolution
		{C553F26E-F73E-49D8-A0D7-1113A5175E38}.Debug|Any CPU.ActiveCfg = Debug|Any CPU
		{C553F26E-F73E-49D8-A0D7-1113A5175E38}.Debug|Any CPU.Build.0 = Debug|Any CPU
		{C553F26E-F73E-49D8-A0D7-1113A5175E38}.Release|Any CPU.ActiveCfg = Release|Any CPU
		{C553F26E-F73E-49D8-A0D7-1113A5175E38}.Release|Any CPU.Build.0 = Release|Any CPU
		{43F084B1-9966-4AEC-8BEB-D353F511355D}.Debug|Any CPU.ActiveCfg = Debug|Any CPU
		{43F084B1-9966-4AEC-8BEB-D353F511355D}.Debug|Any CPU.Build.0 = Debug|Any CPU
		{43F084B1-9966-4AEC-8BEB-D353F511355D}.Release|Any CPU.ActiveCfg = Release|Any CPU
		{43F084B1-9966-4AEC-8BEB-D353F511355D}.Release|Any CPU.Build.0 = Release|Any CPU
		{0F78C51C-9DC3-4944-959F-C646AF881FDD}.Debug|Any CPU.ActiveCfg = Debug|Any CPU
		{0F78C51C-9DC3-4944-959F-C646AF881FDD}.Debug|Any CPU.Build.0 = Debug|Any CPU
		{0F78C51C-9DC3-4944-959F-C646AF881FDD}.Release|Any CPU.ActiveCfg = Release|Any CPU
		{0F78C51C-9DC3-4944-959F-C646AF881FDD}.Release|Any CPU.Build.0 = Release|Any CPU
		{4CB4AC23-146C-4195-8118-FE3BB2D177FD}.Debug|Any CPU.ActiveCfg = Debug|Any CPU
		{4CB4AC23-146C-4195-8118-FE3BB2D177FD}.Debug|Any CPU.Build.0 = Debug|Any CPU
		{4CB4AC23-146C-4195-8118-FE3BB2D177FD}.Release|Any CPU.ActiveCfg = Release|Any CPU
		{4CB4AC23-146C-4195-8118-FE3BB2D177FD}.Release|Any CPU.Build.0 = Release|Any CPU
		{76DDB59F-D5E0-4896-BFB8-BCFCF2207A41}.Debug|Any CPU.ActiveCfg = Debug|Any CPU
		{76DDB59F-D5E0-4896-BFB8-BCFCF2207A41}.Debug|Any CPU.Build.0 = Debug|Any CPU
		{76DDB59F-D5E0-4896-BFB8-BCFCF2207A41}.Release|Any CPU.ActiveCfg = Release|Any CPU
		{76DDB59F-D5E0-4896-BFB8-BCFCF2207A41}.Release|Any CPU.Build.0 = Release|Any CPU
		{F56DEC01-A639-49EA-B107-58EC1D9A81E6}.Debug|Any CPU.ActiveCfg = Debug|Any CPU
		{F56DEC01-A639-49EA-B107-58EC1D9A81E6}.Debug|Any CPU.Build.0 = Debug|Any CPU
		{F56DEC01-A639-49EA-B107-58EC1D9A81E6}.Release|Any CPU.ActiveCfg = Release|Any CPU
		{F56DEC01-A639-49EA-B107-58EC1D9A81E6}.Release|Any CPU.Build.0 = Release|Any CPU
		{71CD9210-032F-4AC0-89CF-136C46FF7E13}.Debug|Any CPU.ActiveCfg = Debug|Any CPU
		{71CD9210-032F-4AC0-89CF-136C46FF7E13}.Debug|Any CPU.Build.0 = Debug|Any CPU
		{71CD9210-032F-4AC0-89CF-136C46FF7E13}.Release|Any CPU.ActiveCfg = Release|Any CPU
		{71CD9210-032F-4AC0-89CF-136C46FF7E13}.Release|Any CPU.Build.0 = Release|Any CPU
	EndGlobalSection
	GlobalSection(SolutionProperties) = preSolution
		HideSolutionNode = FALSE
	EndGlobalSection
	GlobalSection(NestedProjects) = preSolution
		{C553F26E-F73E-49D8-A0D7-1113A5175E38} = {1F39843B-4058-42FB-9999-527CDA10495C}
		{43F084B1-9966-4AEC-8BEB-D353F511355D} = {1F39843B-4058-42FB-9999-527CDA10495C}
		{0F78C51C-9DC3-4944-959F-C646AF881FDD} = {1F39843B-4058-42FB-9999-527CDA10495C}
		{4CB4AC23-146C-4195-8118-FE3BB2D177FD} = {1F39843B-4058-42FB-9999-527CDA10495C}
		{76DDB59F-D5E0-4896-BFB8-BCFCF2207A41} = {4EE87465-3322-4AC4-80F3-DEFA42929CF3}
		{F56DEC01-A639-49EA-B107-58EC1D9A81E6} = {4EE87465-3322-4AC4-80F3-DEFA42929CF3}
		{71CD9210-032F-4AC0-89CF-136C46FF7E13} = {1F39843B-4058-42FB-9999-527CDA10495C}
	EndGlobalSection
	GlobalSection(ExtensibilityGlobals) = postSolution
		SolutionGuid = {7C15D880-790A-4C33-AEF7-3A5C172FA08D}
	EndGlobalSection
EndGlobal
